// !$*UTF8*$!
{
	archiveVersion = 1;
	classes = {
	};
	objectVersion = 56;
	objects = {

/* Begin PBXBuildFile section */
		85B47FD229EACC700015E084 /* simple_swiftuiApp.swift in Sources */ = {isa = PBXBuildFile; fileRef = 85B47FD129EACC700015E084 /* simple_swiftuiApp.swift */; };
		85B47FD429EACC700015E084 /* ContentView.swift in Sources */ = {isa = PBXBuildFile; fileRef = 85B47FD329EACC700015E084 /* ContentView.swift */; };
		85B47FD629EACC720015E084 /* Assets.xcassets in Resources */ = {isa = PBXBuildFile; fileRef = 85B47FD529EACC720015E084 /* Assets.xcassets */; };
		85B47FD929EACC720015E084 /* Preview Assets.xcassets in Resources */ = {isa = PBXBuildFile; fileRef = 85B47FD829EACC720015E084 /* Preview Assets.xcassets */; };
		85B47FE329EACC720015E084 /* simple_swiftuiTests.swift in Sources */ = {isa = PBXBuildFile; fileRef = 85B47FE229EACC720015E084 /* simple_swiftuiTests.swift */; };
		85B47FED29EACC720015E084 /* simple_swiftuiUITests.swift in Sources */ = {isa = PBXBuildFile; fileRef = 85B47FEC29EACC720015E084 /* simple_swiftuiUITests.swift */; };
		85B47FEF29EACC720015E084 /* simple_swiftuiUITestsLaunchTests.swift in Sources */ = {isa = PBXBuildFile; fileRef = 85B47FEE29EACC720015E084 /* simple_swiftuiUITestsLaunchTests.swift */; };
		85B47FFC29EAD7910015E084 /* StartedView.swift in Sources */ = {isa = PBXBuildFile; fileRef = 85B47FFB29EAD7910015E084 /* StartedView.swift */; };
		85B47FFD29EAD7910015E084 /* StartedView.swift in Sources */ = {isa = PBXBuildFile; fileRef = 85B47FFB29EAD7910015E084 /* StartedView.swift */; };
		85B47FFE29EAD7910015E084 /* StartedView.swift in Sources */ = {isa = PBXBuildFile; fileRef = 85B47FFB29EAD7910015E084 /* StartedView.swift */; };
		85B4800329EAE1370015E084 /* Poppins-Medium.ttf in Resources */ = {isa = PBXBuildFile; fileRef = 85B47FFF29EAE1370015E084 /* Poppins-Medium.ttf */; };
		85B4800429EAE1370015E084 /* Poppins-Medium.ttf in Resources */ = {isa = PBXBuildFile; fileRef = 85B47FFF29EAE1370015E084 /* Poppins-Medium.ttf */; };
		85B4800529EAE1370015E084 /* Poppins-Medium.ttf in Resources */ = {isa = PBXBuildFile; fileRef = 85B47FFF29EAE1370015E084 /* Poppins-Medium.ttf */; };
		85B4800629EAE1370015E084 /* Poppins-Bold.ttf in Resources */ = {isa = PBXBuildFile; fileRef = 85B4800029EAE1370015E084 /* Poppins-Bold.ttf */; };
		85B4800729EAE1370015E084 /* Poppins-Bold.ttf in Resources */ = {isa = PBXBuildFile; fileRef = 85B4800029EAE1370015E084 /* Poppins-Bold.ttf */; };
		85B4800829EAE1370015E084 /* Poppins-Bold.ttf in Resources */ = {isa = PBXBuildFile; fileRef = 85B4800029EAE1370015E084 /* Poppins-Bold.ttf */; };
		85B4800929EAE1370015E084 /* Poppins-SemiBold.ttf in Resources */ = {isa = PBXBuildFile; fileRef = 85B4800129EAE1370015E084 /* Poppins-SemiBold.ttf */; };
		85B4800A29EAE1370015E084 /* Poppins-SemiBold.ttf in Resources */ = {isa = PBXBuildFile; fileRef = 85B4800129EAE1370015E084 /* Poppins-SemiBold.ttf */; };
		85B4800B29EAE1370015E084 /* Poppins-SemiBold.ttf in Resources */ = {isa = PBXBuildFile; fileRef = 85B4800129EAE1370015E084 /* Poppins-SemiBold.ttf */; };
		85B4800C29EAE1370015E084 /* Poppins-Regular.ttf in Resources */ = {isa = PBXBuildFile; fileRef = 85B4800229EAE1370015E084 /* Poppins-Regular.ttf */; };
		85B4800D29EAE1370015E084 /* Poppins-Regular.ttf in Resources */ = {isa = PBXBuildFile; fileRef = 85B4800229EAE1370015E084 /* Poppins-Regular.ttf */; };
		85B4800E29EAE1380015E084 /* Poppins-Regular.ttf in Resources */ = {isa = PBXBuildFile; fileRef = 85B4800229EAE1370015E084 /* Poppins-Regular.ttf */; };
		85B4801129EAEC130015E084 /* Home.swift in Sources */ = {isa = PBXBuildFile; fileRef = 85B4801029EAEC130015E084 /* Home.swift */; };
		85B4801229EAEC130015E084 /* Home.swift in Sources */ = {isa = PBXBuildFile; fileRef = 85B4801029EAEC130015E084 /* Home.swift */; };
		85B4801329EAEC130015E084 /* Home.swift in Sources */ = {isa = PBXBuildFile; fileRef = 85B4801029EAEC130015E084 /* Home.swift */; };
		85B4801529EBB2680015E084 /* Splash.swift in Sources */ = {isa = PBXBuildFile; fileRef = 85B4801429EBB2680015E084 /* Splash.swift */; };
		85B4801629EBB2680015E084 /* Splash.swift in Sources */ = {isa = PBXBuildFile; fileRef = 85B4801429EBB2680015E084 /* Splash.swift */; };
		85B4801729EBB2680015E084 /* Splash.swift in Sources */ = {isa = PBXBuildFile; fileRef = 85B4801429EBB2680015E084 /* Splash.swift */; };
		85B4801929EBB7130015E084 /* Detail.swift in Sources */ = {isa = PBXBuildFile; fileRef = 85B4801829EBB7130015E084 /* Detail.swift */; };
		85B4801A29EBB7130015E084 /* Detail.swift in Sources */ = {isa = PBXBuildFile; fileRef = 85B4801829EBB7130015E084 /* Detail.swift */; };
		85B4801B29EBB7130015E084 /* Detail.swift in Sources */ = {isa = PBXBuildFile; fileRef = 85B4801829EBB7130015E084 /* Detail.swift */; };
		85E00A9E29EC0FFA005D4D3F /* TesView.swift in Sources */ = {isa = PBXBuildFile; fileRef = 85E00A9D29EC0FFA005D4D3F /* TesView.swift */; };
/* End PBXBuildFile section */

/* Begin PBXContainerItemProxy section */
		85B47FDF29EACC720015E084 /* PBXContainerItemProxy */ = {
			isa = PBXContainerItemProxy;
			containerPortal = 85B47FC629EACC700015E084 /* Project object */;
			proxyType = 1;
			remoteGlobalIDString = 85B47FCD29EACC700015E084;
			remoteInfo = "simple-swiftui";
		};
		85B47FE929EACC720015E084 /* PBXContainerItemProxy */ = {
			isa = PBXContainerItemProxy;
			containerPortal = 85B47FC629EACC700015E084 /* Project object */;
			proxyType = 1;
			remoteGlobalIDString = 85B47FCD29EACC700015E084;
			remoteInfo = "simple-swiftui";
		};
/* End PBXContainerItemProxy section */

/* Begin PBXFileReference section */
		85B47FCE29EACC700015E084 /* simple-swiftui.app */ = {isa = PBXFileReference; explicitFileType = wrapper.application; includeInIndex = 0; path = "simple-swiftui.app"; sourceTree = BUILT_PRODUCTS_DIR; };
		85B47FD129EACC700015E084 /* simple_swiftuiApp.swift */ = {isa = PBXFileReference; lastKnownFileType = sourcecode.swift; path = simple_swiftuiApp.swift; sourceTree = "<group>"; };
		85B47FD329EACC700015E084 /* ContentView.swift */ = {isa = PBXFileReference; lastKnownFileType = sourcecode.swift; path = ContentView.swift; sourceTree = "<group>"; };
		85B47FD529EACC720015E084 /* Assets.xcassets */ = {isa = PBXFileReference; lastKnownFileType = folder.assetcatalog; path = Assets.xcassets; sourceTree = "<group>"; };
		85B47FD829EACC720015E084 /* Preview Assets.xcassets */ = {isa = PBXFileReference; lastKnownFileType = folder.assetcatalog; path = "Preview Assets.xcassets"; sourceTree = "<group>"; };
		85B47FDE29EACC720015E084 /* simple-swiftuiTests.xctest */ = {isa = PBXFileReference; explicitFileType = wrapper.cfbundle; includeInIndex = 0; path = "simple-swiftuiTests.xctest"; sourceTree = BUILT_PRODUCTS_DIR; };
		85B47FE229EACC720015E084 /* simple_swiftuiTests.swift */ = {isa = PBXFileReference; lastKnownFileType = sourcecode.swift; path = simple_swiftuiTests.swift; sourceTree = "<group>"; };
		85B47FE829EACC720015E084 /* simple-swiftuiUITests.xctest */ = {isa = PBXFileReference; explicitFileType = wrapper.cfbundle; includeInIndex = 0; path = "simple-swiftuiUITests.xctest"; sourceTree = BUILT_PRODUCTS_DIR; };
		85B47FEC29EACC720015E084 /* simple_swiftuiUITests.swift */ = {isa = PBXFileReference; lastKnownFileType = sourcecode.swift; path = simple_swiftuiUITests.swift; sourceTree = "<group>"; };
		85B47FEE29EACC720015E084 /* simple_swiftuiUITestsLaunchTests.swift */ = {isa = PBXFileReference; lastKnownFileType = sourcecode.swift; path = simple_swiftuiUITestsLaunchTests.swift; sourceTree = "<group>"; };
		85B47FFB29EAD7910015E084 /* StartedView.swift */ = {isa = PBXFileReference; lastKnownFileType = sourcecode.swift; path = StartedView.swift; sourceTree = "<group>"; };
		85B47FFF29EAE1370015E084 /* Poppins-Medium.ttf */ = {isa = PBXFileReference; lastKnownFileType = file; path = "Poppins-Medium.ttf"; sourceTree = "<group>"; };
		85B4800029EAE1370015E084 /* Poppins-Bold.ttf */ = {isa = PBXFileReference; lastKnownFileType = file; path = "Poppins-Bold.ttf"; sourceTree = "<group>"; };
		85B4800129EAE1370015E084 /* Poppins-SemiBold.ttf */ = {isa = PBXFileReference; lastKnownFileType = file; path = "Poppins-SemiBold.ttf"; sourceTree = "<group>"; };
		85B4800229EAE1370015E084 /* Poppins-Regular.ttf */ = {isa = PBXFileReference; lastKnownFileType = file; path = "Poppins-Regular.ttf"; sourceTree = "<group>"; };
		85B4800F29EAE1A70015E084 /* Info.plist */ = {isa = PBXFileReference; lastKnownFileType = text.plist; path = Info.plist; sourceTree = "<group>"; };
		85B4801029EAEC130015E084 /* Home.swift */ = {isa = PBXFileReference; lastKnownFileType = sourcecode.swift; path = Home.swift; sourceTree = "<group>"; };
		85B4801429EBB2680015E084 /* Splash.swift */ = {isa = PBXFileReference; lastKnownFileType = sourcecode.swift; path = Splash.swift; sourceTree = "<group>"; };
		85B4801829EBB7130015E084 /* Detail.swift */ = {isa = PBXFileReference; lastKnownFileType = sourcecode.swift; path = Detail.swift; sourceTree = "<group>"; };
		85E00A9D29EC0FFA005D4D3F /* TesView.swift */ = {isa = PBXFileReference; lastKnownFileType = sourcecode.swift; path = TesView.swift; sourceTree = "<group>"; };
/* End PBXFileReference section */

/* Begin PBXFrameworksBuildPhase section */
		85B47FCB29EACC700015E084 /* Frameworks */ = {
			isa = PBXFrameworksBuildPhase;
			buildActionMask = 2147483647;
			files = (
			);
			runOnlyForDeploymentPostprocessing = 0;
		};
		85B47FDB29EACC720015E084 /* Frameworks */ = {
			isa = PBXFrameworksBuildPhase;
			buildActionMask = 2147483647;
			files = (
			);
			runOnlyForDeploymentPostprocessing = 0;
		};
		85B47FE529EACC720015E084 /* Frameworks */ = {
			isa = PBXFrameworksBuildPhase;
			buildActionMask = 2147483647;
			files = (
			);
			runOnlyForDeploymentPostprocessing = 0;
		};
/* End PBXFrameworksBuildPhase section */

/* Begin PBXGroup section */
		85B47FC529EACC700015E084 = {
			isa = PBXGroup;
			children = (
				85B47FD029EACC700015E084 /* simple-swiftui */,
				85B47FE129EACC720015E084 /* simple-swiftuiTests */,
				85B47FEB29EACC720015E084 /* simple-swiftuiUITests */,
				85B47FCF29EACC700015E084 /* Products */,
			);
			sourceTree = "<group>";
		};
		85B47FCF29EACC700015E084 /* Products */ = {
			isa = PBXGroup;
			children = (
				85B47FCE29EACC700015E084 /* simple-swiftui.app */,
				85B47FDE29EACC720015E084 /* simple-swiftuiTests.xctest */,
				85B47FE829EACC720015E084 /* simple-swiftuiUITests.xctest */,
			);
			name = Products;
			sourceTree = "<group>";
		};
		85B47FD029EACC700015E084 /* simple-swiftui */ = {
			isa = PBXGroup;
			children = (
				85B4800F29EAE1A70015E084 /* Info.plist */,
				85B4800029EAE1370015E084 /* Poppins-Bold.ttf */,
				85B47FFF29EAE1370015E084 /* Poppins-Medium.ttf */,
				85B4800229EAE1370015E084 /* Poppins-Regular.ttf */,
				85B4800129EAE1370015E084 /* Poppins-SemiBold.ttf */,
				85B47FD129EACC700015E084 /* simple_swiftuiApp.swift */,
				85B47FD329EACC700015E084 /* ContentView.swift */,
				85B47FFB29EAD7910015E084 /* StartedView.swift */,
				85E00A9D29EC0FFA005D4D3F /* TesView.swift */,
				85B4801429EBB2680015E084 /* Splash.swift */,
				85B4801829EBB7130015E084 /* Detail.swift */,
				85B4801029EAEC130015E084 /* Home.swift */,
				85B47FD529EACC720015E084 /* Assets.xcassets */,
				85B47FD729EACC720015E084 /* Preview Content */,
			);
			path = "simple-swiftui";
			sourceTree = "<group>";
		};
		85B47FD729EACC720015E084 /* Preview Content */ = {
			isa = PBXGroup;
			children = (
				85B47FD829EACC720015E084 /* Preview Assets.xcassets */,
			);
			path = "Preview Content";
			sourceTree = "<group>";
		};
		85B47FE129EACC720015E084 /* simple-swiftuiTests */ = {
			isa = PBXGroup;
			children = (
				85B47FE229EACC720015E084 /* simple_swiftuiTests.swift */,
			);
			path = "simple-swiftuiTests";
			sourceTree = "<group>";
		};
		85B47FEB29EACC720015E084 /* simple-swiftuiUITests */ = {
			isa = PBXGroup;
			children = (
				85B47FEC29EACC720015E084 /* simple_swiftuiUITests.swift */,
				85B47FEE29EACC720015E084 /* simple_swiftuiUITestsLaunchTests.swift */,
			);
			path = "simple-swiftuiUITests";
			sourceTree = "<group>";
		};
/* End PBXGroup section */

/* Begin PBXNativeTarget section */
		85B47FCD29EACC700015E084 /* simple-swiftui */ = {
			isa = PBXNativeTarget;
			buildConfigurationList = 85B47FF229EACC720015E084 /* Build configuration list for PBXNativeTarget "simple-swiftui" */;
			buildPhases = (
				85B47FCA29EACC700015E084 /* Sources */,
				85B47FCB29EACC700015E084 /* Frameworks */,
				85B47FCC29EACC700015E084 /* Resources */,
			);
			buildRules = (
			);
			dependencies = (
			);
			name = "simple-swiftui";
			productName = "simple-swiftui";
			productReference = 85B47FCE29EACC700015E084 /* simple-swiftui.app */;
			productType = "com.apple.product-type.application";
		};
		85B47FDD29EACC720015E084 /* simple-swiftuiTests */ = {
			isa = PBXNativeTarget;
			buildConfigurationList = 85B47FF529EACC720015E084 /* Build configuration list for PBXNativeTarget "simple-swiftuiTests" */;
			buildPhases = (
				85B47FDA29EACC720015E084 /* Sources */,
				85B47FDB29EACC720015E084 /* Frameworks */,
				85B47FDC29EACC720015E084 /* Resources */,
			);
			buildRules = (
			);
			dependencies = (
				85B47FE029EACC720015E084 /* PBXTargetDependency */,
			);
			name = "simple-swiftuiTests";
			productName = "simple-swiftuiTests";
			productReference = 85B47FDE29EACC720015E084 /* simple-swiftuiTests.xctest */;
			productType = "com.apple.product-type.bundle.unit-test";
		};
		85B47FE729EACC720015E084 /* simple-swiftuiUITests */ = {
			isa = PBXNativeTarget;
			buildConfigurationList = 85B47FF829EACC720015E084 /* Build configuration list for PBXNativeTarget "simple-swiftuiUITests" */;
			buildPhases = (
				85B47FE429EACC720015E084 /* Sources */,
				85B47FE529EACC720015E084 /* Frameworks */,
				85B47FE629EACC720015E084 /* Resources */,
			);
			buildRules = (
			);
			dependencies = (
				85B47FEA29EACC720015E084 /* PBXTargetDependency */,
			);
			name = "simple-swiftuiUITests";
			productName = "simple-swiftuiUITests";
			productReference = 85B47FE829EACC720015E084 /* simple-swiftuiUITests.xctest */;
			productType = "com.apple.product-type.bundle.ui-testing";
		};
/* End PBXNativeTarget section */

/* Begin PBXProject section */
		85B47FC629EACC700015E084 /* Project object */ = {
			isa = PBXProject;
			attributes = {
				BuildIndependentTargetsInParallel = 1;
				LastSwiftUpdateCheck = 1420;
				LastUpgradeCheck = 1420;
				TargetAttributes = {
					85B47FCD29EACC700015E084 = {
						CreatedOnToolsVersion = 14.2;
					};
					85B47FDD29EACC720015E084 = {
						CreatedOnToolsVersion = 14.2;
						TestTargetID = 85B47FCD29EACC700015E084;
					};
					85B47FE729EACC720015E084 = {
						CreatedOnToolsVersion = 14.2;
						TestTargetID = 85B47FCD29EACC700015E084;
					};
				};
			};
			buildConfigurationList = 85B47FC929EACC700015E084 /* Build configuration list for PBXProject "simple-swiftui" */;
			compatibilityVersion = "Xcode 14.0";
			developmentRegion = en;
			hasScannedForEncodings = 0;
			knownRegions = (
				en,
				Base,
			);
			mainGroup = 85B47FC529EACC700015E084;
			productRefGroup = 85B47FCF29EACC700015E084 /* Products */;
			projectDirPath = "";
			projectRoot = "";
			targets = (
				85B47FCD29EACC700015E084 /* simple-swiftui */,
				85B47FDD29EACC720015E084 /* simple-swiftuiTests */,
				85B47FE729EACC720015E084 /* simple-swiftuiUITests */,
			);
		};
/* End PBXProject section */

/* Begin PBXResourcesBuildPhase section */
		85B47FCC29EACC700015E084 /* Resources */ = {
			isa = PBXResourcesBuildPhase;
			buildActionMask = 2147483647;
			files = (
				85B4800929EAE1370015E084 /* Poppins-SemiBold.ttf in Resources */,
				85B4800329EAE1370015E084 /* Poppins-Medium.ttf in Resources */,
				85B47FD929EACC720015E084 /* Preview Assets.xcassets in Resources */,
				85B4800C29EAE1370015E084 /* Poppins-Regular.ttf in Resources */,
				85B47FD629EACC720015E084 /* Assets.xcassets in Resources */,
				85B4800629EAE1370015E084 /* Poppins-Bold.ttf in Resources */,
			);
			runOnlyForDeploymentPostprocessing = 0;
		};
		85B47FDC29EACC720015E084 /* Resources */ = {
			isa = PBXResourcesBuildPhase;
			buildActionMask = 2147483647;
			files = (
				85B4800A29EAE1370015E084 /* Poppins-SemiBold.ttf in Resources */,
				85B4800429EAE1370015E084 /* Poppins-Medium.ttf in Resources */,
				85B4800729EAE1370015E084 /* Poppins-Bold.ttf in Resources */,
				85B4800D29EAE1370015E084 /* Poppins-Regular.ttf in Resources */,
			);
			runOnlyForDeploymentPostprocessing = 0;
		};
		85B47FE629EACC720015E084 /* Resources */ = {
			isa = PBXResourcesBuildPhase;
			buildActionMask = 2147483647;
			files = (
				85B4800B29EAE1370015E084 /* Poppins-SemiBold.ttf in Resources */,
				85B4800529EAE1370015E084 /* Poppins-Medium.ttf in Resources */,
				85B4800829EAE1370015E084 /* Poppins-Bold.ttf in Resources */,
				85B4800E29EAE1380015E084 /* Poppins-Regular.ttf in Resources */,
			);
			runOnlyForDeploymentPostprocessing = 0;
		};
/* End PBXResourcesBuildPhase section */

/* Begin PBXSourcesBuildPhase section */
		85B47FCA29EACC700015E084 /* Sources */ = {
			isa = PBXSourcesBuildPhase;
			buildActionMask = 2147483647;
			files = (
				85B47FD429EACC700015E084 /* ContentView.swift in Sources */,
				85B47FD229EACC700015E084 /* simple_swiftuiApp.swift in Sources */,
				85B4801929EBB7130015E084 /* Detail.swift in Sources */,
				85B4801129EAEC130015E084 /* Home.swift in Sources */,
				85B47FFC29EAD7910015E084 /* StartedView.swift in Sources */,
				85B4801529EBB2680015E084 /* Splash.swift in Sources */,
				85E00A9E29EC0FFA005D4D3F /* TesView.swift in Sources */,
			);
			runOnlyForDeploymentPostprocessing = 0;
		};
		85B47FDA29EACC720015E084 /* Sources */ = {
			isa = PBXSourcesBuildPhase;
			buildActionMask = 2147483647;
			files = (
				85B47FFD29EAD7910015E084 /* StartedView.swift in Sources */,
				85B4801A29EBB7130015E084 /* Detail.swift in Sources */,
				85B4801229EAEC130015E084 /* Home.swift in Sources */,
				85B4801629EBB2680015E084 /* Splash.swift in Sources */,
				85B47FE329EACC720015E084 /* simple_swiftuiTests.swift in Sources */,
			);
			runOnlyForDeploymentPostprocessing = 0;
		};
		85B47FE429EACC720015E084 /* Sources */ = {
			isa = PBXSourcesBuildPhase;
			buildActionMask = 2147483647;
			files = (
				85B47FEF29EACC720015E084 /* simple_swiftuiUITestsLaunchTests.swift in Sources */,
				85B47FED29EACC720015E084 /* simple_swiftuiUITests.swift in Sources */,
				85B4801B29EBB7130015E084 /* Detail.swift in Sources */,
				85B4801329EAEC130015E084 /* Home.swift in Sources */,
				85B47FFE29EAD7910015E084 /* StartedView.swift in Sources */,
				85B4801729EBB2680015E084 /* Splash.swift in Sources */,
			);
			runOnlyForDeploymentPostprocessing = 0;
		};
/* End PBXSourcesBuildPhase section */

/* Begin PBXTargetDependency section */
		85B47FE029EACC720015E084 /* PBXTargetDependency */ = {
			isa = PBXTargetDependency;
			target = 85B47FCD29EACC700015E084 /* simple-swiftui */;
			targetProxy = 85B47FDF29EACC720015E084 /* PBXContainerItemProxy */;
		};
		85B47FEA29EACC720015E084 /* PBXTargetDependency */ = {
			isa = PBXTargetDependency;
			target = 85B47FCD29EACC700015E084 /* simple-swiftui */;
			targetProxy = 85B47FE929EACC720015E084 /* PBXContainerItemProxy */;
		};
/* End PBXTargetDependency section */

/* Begin XCBuildConfiguration section */
		85B47FF029EACC720015E084 /* Debug */ = {
			isa = XCBuildConfiguration;
			buildSettings = {
				ALWAYS_SEARCH_USER_PATHS = NO;
				CLANG_ANALYZER_NONNULL = YES;
				CLANG_ANALYZER_NUMBER_OBJECT_CONVERSION = YES_AGGRESSIVE;
				CLANG_CXX_LANGUAGE_STANDARD = "gnu++20";
				CLANG_ENABLE_MODULES = YES;
				CLANG_ENABLE_OBJC_ARC = YES;
				CLANG_ENABLE_OBJC_WEAK = YES;
				CLANG_WARN_BLOCK_CAPTURE_AUTORELEASING = YES;
				CLANG_WARN_BOOL_CONVERSION = YES;
				CLANG_WARN_COMMA = YES;
				CLANG_WARN_CONSTANT_CONVERSION = YES;
				CLANG_WARN_DEPRECATED_OBJC_IMPLEMENTATIONS = YES;
				CLANG_WARN_DIRECT_OBJC_ISA_USAGE = YES_ERROR;
				CLANG_WARN_DOCUMENTATION_COMMENTS = YES;
				CLANG_WARN_EMPTY_BODY = YES;
				CLANG_WARN_ENUM_CONVERSION = YES;
				CLANG_WARN_INFINITE_RECURSION = YES;
				CLANG_WARN_INT_CONVERSION = YES;
				CLANG_WARN_NON_LITERAL_NULL_CONVERSION = YES;
				CLANG_WARN_OBJC_IMPLICIT_RETAIN_SELF = YES;
				CLANG_WARN_OBJC_LITERAL_CONVERSION = YES;
				CLANG_WARN_OBJC_ROOT_CLASS = YES_ERROR;
				CLANG_WARN_QUOTED_INCLUDE_IN_FRAMEWORK_HEADER = YES;
				CLANG_WARN_RANGE_LOOP_ANALYSIS = YES;
				CLANG_WARN_STRICT_PROTOTYPES = YES;
				CLANG_WARN_SUSPICIOUS_MOVE = YES;
				CLANG_WARN_UNGUARDED_AVAILABILITY = YES_AGGRESSIVE;
				CLANG_WARN_UNREACHABLE_CODE = YES;
				CLANG_WARN__DUPLICATE_METHOD_MATCH = YES;
				COPY_PHASE_STRIP = NO;
				DEBUG_INFORMATION_FORMAT = dwarf;
				ENABLE_STRICT_OBJC_MSGSEND = YES;
				ENABLE_TESTABILITY = YES;
				GCC_C_LANGUAGE_STANDARD = gnu11;
				GCC_DYNAMIC_NO_PIC = NO;
				GCC_NO_COMMON_BLOCKS = YES;
				GCC_OPTIMIZATION_LEVEL = 0;
				GCC_PREPROCESSOR_DEFINITIONS = (
					"DEBUG=1",
					"$(inherited)",
				);
				GCC_WARN_64_TO_32_BIT_CONVERSION = YES;
				GCC_WARN_ABOUT_RETURN_TYPE = YES_ERROR;
				GCC_WARN_UNDECLARED_SELECTOR = YES;
				GCC_WARN_UNINITIALIZED_AUTOS = YES_AGGRESSIVE;
				GCC_WARN_UNUSED_FUNCTION = YES;
				GCC_WARN_UNUSED_VARIABLE = YES;
				IPHONEOS_DEPLOYMENT_TARGET = 16.2;
				MTL_ENABLE_DEBUG_INFO = INCLUDE_SOURCE;
				MTL_FAST_MATH = YES;
				ONLY_ACTIVE_ARCH = YES;
				SDKROOT = iphoneos;
				SWIFT_ACTIVE_COMPILATION_CONDITIONS = DEBUG;
				SWIFT_OPTIMIZATION_LEVEL = "-Onone";
			};
			name = Debug;
		};
		85B47FF129EACC720015E084 /* Release */ = {
			isa = XCBuildConfiguration;
			buildSettings = {
				ALWAYS_SEARCH_USER_PATHS = NO;
				CLANG_ANALYZER_NONNULL = YES;
				CLANG_ANALYZER_NUMBER_OBJECT_CONVERSION = YES_AGGRESSIVE;
				CLANG_CXX_LANGUAGE_STANDARD = "gnu++20";
				CLANG_ENABLE_MODULES = YES;
				CLANG_ENABLE_OBJC_ARC = YES;
				CLANG_ENABLE_OBJC_WEAK = YES;
				CLANG_WARN_BLOCK_CAPTURE_AUTORELEASING = YES;
				CLANG_WARN_BOOL_CONVERSION = YES;
				CLANG_WARN_COMMA = YES;
				CLANG_WARN_CONSTANT_CONVERSION = YES;
				CLANG_WARN_DEPRECATED_OBJC_IMPLEMENTATIONS = YES;
				CLANG_WARN_DIRECT_OBJC_ISA_USAGE = YES_ERROR;
				CLANG_WARN_DOCUMENTATION_COMMENTS = YES;
				CLANG_WARN_EMPTY_BODY = YES;
				CLANG_WARN_ENUM_CONVERSION = YES;
				CLANG_WARN_INFINITE_RECURSION = YES;
				CLANG_WARN_INT_CONVERSION = YES;
				CLANG_WARN_NON_LITERAL_NULL_CONVERSION = YES;
				CLANG_WARN_OBJC_IMPLICIT_RETAIN_SELF = YES;
				CLANG_WARN_OBJC_LITERAL_CONVERSION = YES;
				CLANG_WARN_OBJC_ROOT_CLASS = YES_ERROR;
				CLANG_WARN_QUOTED_INCLUDE_IN_FRAMEWORK_HEADER = YES;
				CLANG_WARN_RANGE_LOOP_ANALYSIS = YES;
				CLANG_WARN_STRICT_PROTOTYPES = YES;
				CLANG_WARN_SUSPICIOUS_MOVE = YES;
				CLANG_WARN_UNGUARDED_AVAILABILITY = YES_AGGRESSIVE;
				CLANG_WARN_UNREACHABLE_CODE = YES;
				CLANG_WARN__DUPLICATE_METHOD_MATCH = YES;
				COPY_PHASE_STRIP = NO;
				DEBUG_INFORMATION_FORMAT = "dwarf-with-dsym";
				ENABLE_NS_ASSERTIONS = NO;
				ENABLE_STRICT_OBJC_MSGSEND = YES;
				GCC_C_LANGUAGE_STANDARD = gnu11;
				GCC_NO_COMMON_BLOCKS = YES;
				GCC_WARN_64_TO_32_BIT_CONVERSION = YES;
				GCC_WARN_ABOUT_RETURN_TYPE = YES_ERROR;
				GCC_WARN_UNDECLARED_SELECTOR = YES;
				GCC_WARN_UNINITIALIZED_AUTOS = YES_AGGRESSIVE;
				GCC_WARN_UNUSED_FUNCTION = YES;
				GCC_WARN_UNUSED_VARIABLE = YES;
				IPHONEOS_DEPLOYMENT_TARGET = 16.2;
				MTL_ENABLE_DEBUG_INFO = NO;
				MTL_FAST_MATH = YES;
				SDKROOT = iphoneos;
				SWIFT_COMPILATION_MODE = wholemodule;
				SWIFT_OPTIMIZATION_LEVEL = "-O";
				VALIDATE_PRODUCT = YES;
			};
			name = Release;
		};
		85B47FF329EACC720015E084 /* Debug */ = {
			isa = XCBuildConfiguration;
			buildSettings = {
				ASSETCATALOG_COMPILER_APPICON_NAME = AppIcon;
				ASSETCATALOG_COMPILER_GLOBAL_ACCENT_COLOR_NAME = AccentColor;
				CODE_SIGN_STYLE = Automatic;
				CURRENT_PROJECT_VERSION = 1;
				DEVELOPMENT_ASSET_PATHS = "\"simple-swiftui/Preview Content\"";
				DEVELOPMENT_TEAM = V4597PNUQD;
				ENABLE_PREVIEWS = YES;
				GENERATE_INFOPLIST_FILE = YES;
				INFOPLIST_FILE = "simple-swiftui/Info.plist";
				INFOPLIST_KEY_UIApplicationSceneManifest_Generation = YES;
				INFOPLIST_KEY_UIApplicationSupportsIndirectInputEvents = YES;
				INFOPLIST_KEY_UILaunchScreen_Generation = YES;
				INFOPLIST_KEY_UISupportedInterfaceOrientations_iPad = "UIInterfaceOrientationPortrait UIInterfaceOrientationPortraitUpsideDown UIInterfaceOrientationLandscapeLeft UIInterfaceOrientationLandscapeRight";
				INFOPLIST_KEY_UISupportedInterfaceOrientations_iPhone = "UIInterfaceOrientationPortrait UIInterfaceOrientationLandscapeLeft UIInterfaceOrientationLandscapeRight";
				IPHONEOS_DEPLOYMENT_TARGET = 14.2;
				LD_RUNPATH_SEARCH_PATHS = (
					"$(inherited)",
					"@executable_path/Frameworks",
				);
				MARKETING_VERSION = 1.0;
				PRODUCT_BUNDLE_IDENTIFIER = "tes.simple-swiftui";
				PRODUCT_NAME = "$(TARGET_NAME)";
				SWIFT_EMIT_LOC_STRINGS = YES;
				SWIFT_VERSION = 5.0;
				TARGETED_DEVICE_FAMILY = "1,2";
			};
			name = Debug;
		};
		85B47FF429EACC720015E084 /* Release */ = {
			isa = XCBuildConfiguration;
			buildSettings = {
				ASSETCATALOG_COMPILER_APPICON_NAME = AppIcon;
				ASSETCATALOG_COMPILER_GLOBAL_ACCENT_COLOR_NAME = AccentColor;
				CODE_SIGN_STYLE = Automatic;
				CURRENT_PROJECT_VERSION = 1;
				DEVELOPMENT_ASSET_PATHS = "\"simple-swiftui/Preview Content\"";
				DEVELOPMENT_TEAM = V4597PNUQD;
				ENABLE_PREVIEWS = YES;
				GENERATE_INFOPLIST_FILE = YES;
				INFOPLIST_FILE = "simple-swiftui/Info.plist";
				INFOPLIST_KEY_UIApplicationSceneManifest_Generation = YES;
				INFOPLIST_KEY_UIApplicationSupportsIndirectInputEvents = YES;
				INFOPLIST_KEY_UILaunchScreen_Generation = YES;
				INFOPLIST_KEY_UISupportedInterfaceOrientations_iPad = "UIInterfaceOrientationPortrait UIInterfaceOrientationPortraitUpsideDown UIInterfaceOrientationLandscapeLeft UIInterfaceOrientationLandscapeRight";
				INFOPLIST_KEY_UISupportedInterfaceOrientations_iPhone = "UIInterfaceOrientationPortrait UIInterfaceOrientationLandscapeLeft UIInterfaceOrientationLandscapeRight";
				IPHONEOS_DEPLOYMENT_TARGET = 14.2;
				LD_RUNPATH_SEARCH_PATHS = (
					"$(inherited)",
					"@executable_path/Frameworks",
				);
				MARKETING_VERSION = 1.0;
				PRODUCT_BUNDLE_IDENTIFIER = "tes.simple-swiftui";
				PRODUCT_NAME = "$(TARGET_NAME)";
				SWIFT_EMIT_LOC_STRINGS = YES;
				SWIFT_VERSION = 5.0;
				TARGETED_DEVICE_FAMILY = "1,2";
			};
			name = Release;
		};
		85B47FF629EACC720015E084 /* Debug */ = {
			isa = XCBuildConfiguration;
			buildSettings = {
				ALWAYS_EMBED_SWIFT_STANDARD_LIBRARIES = YES;
				BUNDLE_LOADER = "$(TEST_HOST)";
				CODE_SIGN_STYLE = Automatic;
				CURRENT_PROJECT_VERSION = 1;
				DEVELOPMENT_TEAM = V4597PNUQD;
				GENERATE_INFOPLIST_FILE = YES;
				IPHONEOS_DEPLOYMENT_TARGET = 16.2;
				MARKETING_VERSION = 1.0;
				PRODUCT_BUNDLE_IDENTIFIER = "tes.simple-swiftuiTests";
				PRODUCT_NAME = "$(TARGET_NAME)";
				SWIFT_EMIT_LOC_STRINGS = NO;
				SWIFT_VERSION = 5.0;
				TARGETED_DEVICE_FAMILY = "1,2";
				TEST_HOST = "$(BUILT_PRODUCTS_DIR)/simple-swiftui.app/$(BUNDLE_EXECUTABLE_FOLDER_PATH)/simple-swiftui";
			};
			name = Debug;
		};
		85B47FF729EACC720015E084 /* Release */ = {
			isa = XCBuildConfiguration;
			buildSettings = {
				ALWAYS_EMBED_SWIFT_STANDARD_LIBRARIES = YES;
				BUNDLE_LOADER = "$(TEST_HOST)";
				CODE_SIGN_STYLE = Automatic;
				CURRENT_PROJECT_VERSION = 1;
				DEVELOPMENT_TEAM = V4597PNUQD;
				GENERATE_INFOPLIST_FILE = YES;
				IPHONEOS_DEPLOYMENT_TARGET = 16.2;
				MARKETING_VERSION = 1.0;
				PRODUCT_BUNDLE_IDENTIFIER = "tes.simple-swiftuiTests";
				PRODUCT_NAME = "$(TARGET_NAME)";
				SWIFT_EMIT_LOC_STRINGS = NO;
				SWIFT_VERSION = 5.0;
				TARGETED_DEVICE_FAMILY = "1,2";
				TEST_HOST = "$(BUILT_PRODUCTS_DIR)/simple-swiftui.app/$(BUNDLE_EXECUTABLE_FOLDER_PATH)/simple-swiftui";
			};
			name = Release;
		};
		85B47FF929EACC720015E084 /* Debug */ = {
			isa = XCBuildConfiguration;
			buildSettings = {
				ALWAYS_EMBED_SWIFT_STANDARD_LIBRARIES = YES;
				CODE_SIGN_STYLE = Automatic;
				CURRENT_PROJECT_VERSION = 1;
				DEVELOPMENT_TEAM = V4597PNUQD;
				GENERATE_INFOPLIST_FILE = YES;
				MARKETING_VERSION = 1.0;
				PRODUCT_BUNDLE_IDENTIFIER = "tes.simple-swiftuiUITests";
				PRODUCT_NAME = "$(TARGET_NAME)";
				SWIFT_EMIT_LOC_STRINGS = NO;
				SWIFT_VERSION = 5.0;
				TARGETED_DEVICE_FAMILY = "1,2";
				TEST_TARGET_NAME = "simple-swiftui";
			};
			name = Debug;
		};
		85B47FFA29EACC720015E084 /* Release */ = {
			isa = XCBuildConfiguration;
			buildSettings = {
				ALWAYS_EMBED_SWIFT_STANDARD_LIBRARIES = YES;
				CODE_SIGN_STYLE = Automatic;
				CURRENT_PROJECT_VERSION = 1;
				DEVELOPMENT_TEAM = V4597PNUQD;
				GENERATE_INFOPLIST_FILE = YES;
				MARKETING_VERSION = 1.0;
				PRODUCT_BUNDLE_IDENTIFIER = "tes.simple-swiftuiUITests";
				PRODUCT_NAME = "$(TARGET_NAME)";
				SWIFT_EMIT_LOC_STRINGS = NO;
				SWIFT_VERSION = 5.0;
				TARGETED_DEVICE_FAMILY = "1,2";
				TEST_TARGET_NAME = "simple-swiftui";
			};
			name = Release;
		};
/* End XCBuildConfiguration section */

/* Begin XCConfigurationList section */
		85B47FC929EACC700015E084 /* Build configuration list for PBXProject "simple-swiftui" */ = {
			isa = XCConfigurationList;
			buildConfigurations = (
				85B47FF029EACC720015E084 /* Debug */,
				85B47FF129EACC720015E084 /* Release */,
			);
			defaultConfigurationIsVisible = 0;
			defaultConfigurationName = Release;
		};
		85B47FF229EACC720015E084 /* Build configuration list for PBXNativeTarget "simple-swiftui" */ = {
			isa = XCConfigurationList;
			buildConfigurations = (
				85B47FF329EACC720015E084 /* Debug */,
				85B47FF429EACC720015E084 /* Release */,
			);
			defaultConfigurationIsVisible = 0;
			defaultConfigurationName = Release;
		};
		85B47FF529EACC720015E084 /* Build configuration list for PBXNativeTarget "simple-swiftuiTests" */ = {
			isa = XCConfigurationList;
			buildConfigurations = (
				85B47FF629EACC720015E084 /* Debug */,
				85B47FF729EACC720015E084 /* Release */,
			);
			defaultConfigurationIsVisible = 0;
			defaultConfigurationName = Release;
		};
		85B47FF829EACC720015E084 /* Build configuration list for PBXNativeTarget "simple-swiftuiUITests" */ = {
			isa = XCConfigurationList;
			buildConfigurations = (
				85B47FF929EACC720015E084 /* Debug */,
				85B47FFA29EACC720015E084 /* Release */,
			);
			defaultConfigurationIsVisible = 0;
			defaultConfigurationName = Release;
		};
/* End XCConfigurationList section */
	};
	rootObject = 85B47FC629EACC700015E084 /* Project object */;
}
